
Microsoft Visual Studio Solution File, Format Version 9.00
# Visual Studio 2005
Project("{FAE04EC0-301F-11D3-BF4B-00C04F79EFBC}") = "msi", "msi\msi.csproj", "{7557605A-AAD9-4038-B027-B64770B44D34}"
EndProject
Global
	GlobalSection(SolutionConfigurationPlatforms) = preSolution
		Debug|Any CPU = Debug|Any CPU
		Release|Any CPU = Release|Any CPU
	EndGlobalSection
	GlobalSection(ProjectConfigurationPlatforms) = postSolution
		{7557605A-AAD9-4038-B027-B64770B44D34}.Debug|Any CPU.ActiveCfg = Debug|Any CPU
		{7557605A-AAD9-4038-B027-B64770B44D34}.Debug|Any CPU.Build.0 = Debug|Any CPU
		{7557605A-AAD9-4038-B027-B64770B44D34}.Debug|Any CPU.Deploy.0 = Debug|Any CPU
		{7557605A-AAD9-4038-B027-B64770B44D34}.Release|Any CPU.ActiveCfg = Release|Any CPU
		{7557605A-AAD9-4038-B027-B64770B44D34}.Release|Any CPU.Build.0 = Release|Any CPU
		{7557605A-AAD9-4038-B027-B64770B44D34}.Release|Any CPU.Deploy.0 = Release|Any CPU
	EndGlobalSection
	GlobalSection(SolutionProperties) = preSolution
		HideSolutionNode = FALSE
	EndGlobalSection
EndGlobal
